
Microsoft Visual Studio Solution File, Format Version 12.00
# Visual Studio Version 16
VisualStudioVersion = 16.0.30413.136
MinimumVisualStudioVersion = 10.0.40219.1
Project("{9A19103F-16F7-4668-BE54-9A1E7A4F7556}") = "SWA.Draughts.Final", "SWA.Draughts.Final\SWA.Draughts.Final.csproj", "{4195EF8F-C53F-4A6E-9E49-FE15B045204D}"
EndProject
Project("{9A19103F-16F7-4668-BE54-9A1E7A4F7556}") = "SWA.Draughts.InClass.1", "SWA.Draughts.InClass.1\SWA.Draughts.InClass.1.csproj", "{E10A55D3-8E06-4D2F-8E89-1D2CD624D593}"
EndProject
Project("{9A19103F-16F7-4668-BE54-9A1E7A4F7556}") = "SWA.Draughts.InClass.2", "SWA.Draughts.InClass.2\SWA.Draughts.InClass.2.csproj", "{0D57483C-9F4C-418E-A5EF-654FEB93704E}"
EndProject
Global
	GlobalSection(SolutionConfigurationPlatforms) = preSolution
		Debug|Any CPU = Debug|Any CPU
		Release|Any CPU = Release|Any CPU
	EndGlobalSection
	GlobalSection(ProjectConfigurationPlatforms) = postSolution
		{4195EF8F-C53F-4A6E-9E49-FE15B045204D}.Debug|Any CPU.ActiveCfg = Debug|Any CPU
		{4195EF8F-C53F-4A6E-9E49-FE15B045204D}.Debug|Any CPU.Build.0 = Debug|Any CPU
		{4195EF8F-C53F-4A6E-9E49-FE15B045204D}.Release|Any CPU.ActiveCfg = Release|Any CPU
		{4195EF8F-C53F-4A6E-9E49-FE15B045204D}.Release|Any CPU.Build.0 = Release|Any CPU
		{E10A55D3-8E06-4D2F-8E89-1D2CD624D593}.Debug|Any CPU.ActiveCfg = Debug|Any CPU
		{E10A55D3-8E06-4D2F-8E89-1D2CD624D593}.Debug|Any CPU.Build.0 = Debug|Any CPU
		{E10A55D3-8E06-4D2F-8E89-1D2CD624D593}.Release|Any CPU.ActiveCfg = Release|Any CPU
		{E10A55D3-8E06-4D2F-8E89-1D2CD624D593}.Release|Any CPU.Build.0 = Release|Any CPU
		{0D57483C-9F4C-418E-A5EF-654FEB93704E}.Debug|Any CPU.ActiveCfg = Debug|Any CPU
		{0D57483C-9F4C-418E-A5EF-654FEB93704E}.Debug|Any CPU.Build.0 = Debug|Any CPU
		{0D57483C-9F4C-418E-A5EF-654FEB93704E}.Release|Any CPU.ActiveCfg = Release|Any CPU
		{0D57483C-9F4C-418E-A5EF-654FEB93704E}.Release|Any CPU.Build.0 = Release|Any CPU
	EndGlobalSection
	GlobalSection(SolutionProperties) = preSolution
		HideSolutionNode = FALSE
	EndGlobalSection
	GlobalSection(ExtensibilityGlobals) = postSolution
		SolutionGuid = {1BDFBE3D-4E4E-405D-B739-A1AC97BE80E1}
	EndGlobalSection
EndGlobal
