
Microsoft Visual Studio Solution File, Format Version 12.00
# Visual Studio Version 16
VisualStudioVersion = 16.0.30523.141
MinimumVisualStudioVersion = 10.0.40219.1
Project("{FAE04EC0-301F-11D3-BF4B-00C04F79EFBC}") = "SWA.Highscores.InClass", "SWA.Highscores.InClass\SWA.Highscores.InClass.csproj", "{B52C9F00-6F36-449F-8E20-F89289F798A0}"
EndProject
Global
	GlobalSection(SolutionConfigurationPlatforms) = preSolution
		Debug|Any CPU = Debug|Any CPU
		Release|Any CPU = Release|Any CPU
	EndGlobalSection
	GlobalSection(ProjectConfigurationPlatforms) = postSolution
		{B52C9F00-6F36-449F-8E20-F89289F798A0}.Debug|Any CPU.ActiveCfg = Debug|Any CPU
		{B52C9F00-6F36-449F-8E20-F89289F798A0}.Debug|Any CPU.Build.0 = Debug|Any CPU
		{B52C9F00-6F36-449F-8E20-F89289F798A0}.Release|Any CPU.ActiveCfg = Release|Any CPU
		{B52C9F00-6F36-449F-8E20-F89289F798A0}.Release|Any CPU.Build.0 = Release|Any CPU
	EndGlobalSection
	GlobalSection(SolutionProperties) = preSolution
		HideSolutionNode = FALSE
	EndGlobalSection
	GlobalSection(ExtensibilityGlobals) = postSolution
		SolutionGuid = {F89CC409-F5D3-4D2B-AC11-FB34F7F0063F}
	EndGlobalSection
EndGlobal
