
Microsoft Visual Studio Solution File, Format Version 12.00
# Visual Studio Version 16
VisualStudioVersion = 16.0.30523.141
MinimumVisualStudioVersion = 10.0.40219.1
Project("{FAE04EC0-301F-11D3-BF4B-00C04F79EFBC}") = "WPFButtonGallery", "WPFButtonGallery\WPFButtonGallery.csproj", "{2C101796-2429-4C6A-875A-566F87881E6C}"
EndProject
Global
	GlobalSection(SolutionConfigurationPlatforms) = preSolution
		Debug|Any CPU = Debug|Any CPU
		Release|Any CPU = Release|Any CPU
	EndGlobalSection
	GlobalSection(ProjectConfigurationPlatforms) = postSolution
		{2C101796-2429-4C6A-875A-566F87881E6C}.Debug|Any CPU.ActiveCfg = Debug|Any CPU
		{2C101796-2429-4C6A-875A-566F87881E6C}.Debug|Any CPU.Build.0 = Debug|Any CPU
		{2C101796-2429-4C6A-875A-566F87881E6C}.Release|Any CPU.ActiveCfg = Release|Any CPU
		{2C101796-2429-4C6A-875A-566F87881E6C}.Release|Any CPU.Build.0 = Release|Any CPU
	EndGlobalSection
	GlobalSection(SolutionProperties) = preSolution
		HideSolutionNode = FALSE
	EndGlobalSection
	GlobalSection(ExtensibilityGlobals) = postSolution
		SolutionGuid = {46F1046F-EA5E-4D62-BF49-1BB6F3E568BA}
	EndGlobalSection
EndGlobal
