
Microsoft Visual Studio Solution File, Format Version 12.00
# Visual Studio Version 16
VisualStudioVersion = 16.0.30717.126
MinimumVisualStudioVersion = 10.0.40219.1
Project("{FAE04EC0-301F-11D3-BF4B-00C04F79EFBC}") = "CoffeeLevelSurvey", "CoffeeLevelSurvey\CoffeeLevelSurvey.csproj", "{B713FD8D-5FED-4162-A4D7-0B19C801DD43}"
EndProject
Global
	GlobalSection(SolutionConfigurationPlatforms) = preSolution
		Debug|Any CPU = Debug|Any CPU
		Release|Any CPU = Release|Any CPU
	EndGlobalSection
	GlobalSection(ProjectConfigurationPlatforms) = postSolution
		{B713FD8D-5FED-4162-A4D7-0B19C801DD43}.Debug|Any CPU.ActiveCfg = Debug|Any CPU
		{B713FD8D-5FED-4162-A4D7-0B19C801DD43}.Debug|Any CPU.Build.0 = Debug|Any CPU
		{B713FD8D-5FED-4162-A4D7-0B19C801DD43}.Release|Any CPU.ActiveCfg = Release|Any CPU
		{B713FD8D-5FED-4162-A4D7-0B19C801DD43}.Release|Any CPU.Build.0 = Release|Any CPU
	EndGlobalSection
	GlobalSection(SolutionProperties) = preSolution
		HideSolutionNode = FALSE
	EndGlobalSection
	GlobalSection(ExtensibilityGlobals) = postSolution
		SolutionGuid = {05DEF0B1-2B1C-499E-83E9-BC0670730515}
	EndGlobalSection
EndGlobal
